// !$*UTF8*$!
{
	archiveVersion = 1;
	classes = {
	};
	objectVersion = 63;
	objects = {

/* Begin PBXBuildFile section */
		01A8DF61D136031EA522E508 /* ContentView.swift in Sources */ = {isa = PBXBuildFile; fileRef = BEC6AEA4CB089AF4C579E25B /* ContentView.swift */; };
		12DCFE0BAB0602B71F2DB71A /* VideoMerger.swift in Sources */ = {isa = PBXBuildFile; fileRef = E237E708366C5F2EE8117405 /* VideoMerger.swift */; };
		20A597AF47609462C41199A0 /* Assets.xcassets in Resources */ = {isa = PBXBuildFile; fileRef = 7C5B3E91D8211B61E887D65A /* Assets.xcassets */; };
		353987DD609AB3DB65D7B8FB /* SettingsView.swift in Sources */ = {isa = PBXBuildFile; fileRef = AB3F2A6EE90AAE810E2F038C /* SettingsView.swift */; };
		3852C11BA857E962AB6C34C8 /* AppMetadata.swift in Sources */ = {isa = PBXBuildFile; fileRef = FAC0FE0D459ABBFC5FA9B0F6 /* AppMetadata.swift */; };
		4DC73DC3C43AEB975E124D43 /* AboutView.swift in Sources */ = {isa = PBXBuildFile; fileRef = BD3D0652F388BB014DC7201C /* AboutView.swift */; };
		602B925A95561F83D705BC17 /* MergeJob.swift in Sources */ = {isa = PBXBuildFile; fileRef = 36C8E3F15ADB666BB70ADC45 /* MergeJob.swift */; };
		64CD2D5C036C6BDC7B5118AD /* VideoFile.swift in Sources */ = {isa = PBXBuildFile; fileRef = 1698A466A342686BA8222121 /* VideoFile.swift */; };
		79CD020E1C5A3AB9C57EC41E /* LiquidProgressBar.swift in Sources */ = {isa = PBXBuildFile; fileRef = 91D90110E580ED7DAB8DFF06 /* LiquidProgressBar.swift */; };
		9A715FB30DE6957EC378136C /* JoinlyApp.swift in Sources */ = {isa = PBXBuildFile; fileRef = BE69C2286D1E51906C43876B /* JoinlyApp.swift */; };
/* End PBXBuildFile section */

/* Begin PBXFileReference section */
		1698A466A342686BA8222121 /* VideoFile.swift */ = {isa = PBXFileReference; lastKnownFileType = sourcecode.swift; path = VideoFile.swift; sourceTree = "<group>"; };
		36C8E3F15ADB666BB70ADC45 /* MergeJob.swift */ = {isa = PBXFileReference; lastKnownFileType = sourcecode.swift; path = MergeJob.swift; sourceTree = "<group>"; };
		7C5B3E91D8211B61E887D65A /* Assets.xcassets */ = {isa = PBXFileReference; lastKnownFileType = folder.assetcatalog; path = Assets.xcassets; sourceTree = "<group>"; };
		91D90110E580ED7DAB8DFF06 /* LiquidProgressBar.swift */ = {isa = PBXFileReference; lastKnownFileType = sourcecode.swift; path = LiquidProgressBar.swift; sourceTree = "<group>"; };
		AB3F2A6EE90AAE810E2F038C /* SettingsView.swift */ = {isa = PBXFileReference; lastKnownFileType = sourcecode.swift; path = SettingsView.swift; sourceTree = "<group>"; };
		AF0206E5C1CF4F482A5F9A51 /* Joinly.app */ = {isa = PBXFileReference; explicitFileType = wrapper.application; includeInIndex = 0; path = Joinly.app; sourceTree = BUILT_PRODUCTS_DIR; };
		BD3D0652F388BB014DC7201C /* AboutView.swift */ = {isa = PBXFileReference; lastKnownFileType = sourcecode.swift; path = AboutView.swift; sourceTree = "<group>"; };
		BE69C2286D1E51906C43876B /* JoinlyApp.swift */ = {isa = PBXFileReference; lastKnownFileType = sourcecode.swift; path = JoinlyApp.swift; sourceTree = "<group>"; };
		BEC6AEA4CB089AF4C579E25B /* ContentView.swift */ = {isa = PBXFileReference; lastKnownFileType = sourcecode.swift; path = ContentView.swift; sourceTree = "<group>"; };
		E237E708366C5F2EE8117405 /* VideoMerger.swift */ = {isa = PBXFileReference; lastKnownFileType = sourcecode.swift; path = VideoMerger.swift; sourceTree = "<group>"; };
		FAC0FE0D459ABBFC5FA9B0F6 /* AppMetadata.swift */ = {isa = PBXFileReference; lastKnownFileType = sourcecode.swift; path = AppMetadata.swift; sourceTree = "<group>"; };
/* End PBXFileReference section */

/* Begin PBXGroup section */
		46EE23CB3EEB4F72EFF15A8B /* Joinly */ = {
			isa = PBXGroup;
			children = (
				BD3D0652F388BB014DC7201C /* AboutView.swift */,
				FAC0FE0D459ABBFC5FA9B0F6 /* AppMetadata.swift */,
				7C5B3E91D8211B61E887D65A /* Assets.xcassets */,
				BEC6AEA4CB089AF4C579E25B /* ContentView.swift */,
				BE69C2286D1E51906C43876B /* JoinlyApp.swift */,
				91D90110E580ED7DAB8DFF06 /* LiquidProgressBar.swift */,
				36C8E3F15ADB666BB70ADC45 /* MergeJob.swift */,
				AB3F2A6EE90AAE810E2F038C /* SettingsView.swift */,
				1698A466A342686BA8222121 /* VideoFile.swift */,
				E237E708366C5F2EE8117405 /* VideoMerger.swift */,
			);
			path = Joinly;
			sourceTree = "<group>";
		};
		4F74068BD4FBFE3A73F730AC = {
			isa = PBXGroup;
			children = (
				46EE23CB3EEB4F72EFF15A8B /* Joinly */,
				7F874679872DE86019C8DEA7 /* Products */,
			);
			sourceTree = "<group>";
		};
		7F874679872DE86019C8DEA7 /* Products */ = {
			isa = PBXGroup;
			children = (
				AF0206E5C1CF4F482A5F9A51 /* Joinly.app */,
			);
			name = Products;
			sourceTree = "<group>";
		};
/* End PBXGroup section */

/* Begin PBXNativeTarget section */
		D47551F453BF413B04A60D61 /* Joinly */ = {
			isa = PBXNativeTarget;
			buildConfigurationList = 8657094D593DA333FE189A79 /* Build configuration list for PBXNativeTarget "Joinly" */;
			buildPhases = (
				4E99BFF351B7940EB7A4A840 /* Sources */,
				AA14F583B83E58462AACBA34 /* Resources */,
			);
			buildRules = (
			);
			dependencies = (
			);
			name = Joinly;
			packageProductDependencies = (
			);
			productName = Joinly;
			productReference = AF0206E5C1CF4F482A5F9A51 /* Joinly.app */;
			productType = "com.apple.product-type.application";
		};
/* End PBXNativeTarget section */

/* Begin PBXProject section */
		E53FBC2F088710FDB868DDED /* Project object */ = {
			isa = PBXProject;
			attributes = {
				BuildIndependentTargetsInParallel = YES;
				LastUpgradeCheck = 2620;
				TargetAttributes = {
					D47551F453BF413B04A60D61 = {
						ProvisioningStyle = Automatic;
					};
				};
			};
			buildConfigurationList = 9059E387E27B4B79C99BFAB8 /* Build configuration list for PBXProject "Joinly" */;
			compatibilityVersion = "Xcode 14.0";
			developmentRegion = "zh-Hans";
			hasScannedForEncodings = 0;
			knownRegions = (
				Base,
				"zh-Hans",
			);
			mainGroup = 4F74068BD4FBFE3A73F730AC;
			minimizedProjectReferenceProxies = 1;
			projectDirPath = "";
			projectRoot = "";
			targets = (
				D47551F453BF413B04A60D61 /* Joinly */,
			);
		};
/* End PBXProject section */

/* Begin PBXResourcesBuildPhase section */
		AA14F583B83E58462AACBA34 /* Resources */ = {
			isa = PBXResourcesBuildPhase;
			buildActionMask = 2147483647;
			files = (
				20A597AF47609462C41199A0 /* Assets.xcassets in Resources */,
			);
			runOnlyForDeploymentPostprocessing = 0;
		};
/* End PBXResourcesBuildPhase section */

/* Begin PBXSourcesBuildPhase section */
		4E99BFF351B7940EB7A4A840 /* Sources */ = {
			isa = PBXSourcesBuildPhase;
			buildActionMask = 2147483647;
			files = (
				4DC73DC3C43AEB975E124D43 /* AboutView.swift in Sources */,
				3852C11BA857E962AB6C34C8 /* AppMetadata.swift in Sources */,
				01A8DF61D136031EA522E508 /* ContentView.swift in Sources */,
				9A715FB30DE6957EC378136C /* JoinlyApp.swift in Sources */,
				79CD020E1C5A3AB9C57EC41E /* LiquidProgressBar.swift in Sources */,
				602B925A95561F83D705BC17 /* MergeJob.swift in Sources */,
				353987DD609AB3DB65D7B8FB /* SettingsView.swift in Sources */,
				64CD2D5C036C6BDC7B5118AD /* VideoFile.swift in Sources */,
				12DCFE0BAB0602B71F2DB71A /* VideoMerger.swift in Sources */,
			);
			runOnlyForDeploymentPostprocessing = 0;
		};
/* End PBXSourcesBuildPhase section */

/* Begin XCBuildConfiguration section */
		00C64E96ED6F70FE5544E44D /* Release */ = {
			isa = XCBuildConfiguration;
			buildSettings = {
				ASSETCATALOG_COMPILER_APPICON_NAME = AppIcon;
				CODE_SIGN_STYLE = Automatic;
				COMBINE_HIDPI_IMAGES = YES;
				CURRENT_PROJECT_VERSION = 1;
				DEAD_CODE_STRIPPING = YES;
				DEVELOPMENT_TEAM = 2UYA2Z7QQP;
				ENABLE_APP_SANDBOX = YES;
				ENABLE_FILE_ACCESS_DOWNLOADS_FOLDER = readwrite;
				ENABLE_FILE_ACCESS_MOVIES_FOLDER = readwrite;
				ENABLE_INCOMING_NETWORK_CONNECTIONS = NO;
				ENABLE_OUTGOING_NETWORK_CONNECTIONS = NO;
				ENABLE_RESOURCE_ACCESS_AUDIO_INPUT = NO;
				ENABLE_RESOURCE_ACCESS_BLUETOOTH = NO;
				ENABLE_RESOURCE_ACCESS_CALENDARS = NO;
				ENABLE_RESOURCE_ACCESS_CAMERA = NO;
				ENABLE_RESOURCE_ACCESS_CONTACTS = NO;
				ENABLE_RESOURCE_ACCESS_LOCATION = NO;
				ENABLE_RESOURCE_ACCESS_PRINTING = NO;
				ENABLE_RESOURCE_ACCESS_USB = NO;
				ENABLE_USER_SELECTED_FILES = readwrite;
				GENERATE_INFOPLIST_FILE = YES;
				INFOPLIST_KEY_CFBundleDisplayName = Joinly;
				INFOPLIST_KEY_CFBundleShortVersionString = "$(MARKETING_VERSION)";
				INFOPLIST_KEY_CFBundleVersion = "$(CURRENT_PROJECT_VERSION)";
				INFOPLIST_KEY_LSApplicationCategoryType = "public.app-category.video";
				INFOPLIST_KEY_NSHumanReadableCopyright = "Made By QingTengStudio";
				LD_RUNPATH_SEARCH_PATHS = (
					"$(inherited)",
					"@executable_path/../Frameworks",
				);
				MARKETING_VERSION = 1.0.0;
				PRODUCT_BUNDLE_IDENTIFIER = com.qingteng.Joinly;
				PRODUCT_NAME = Joinly;
				SDKROOT = macosx;
				SWIFT_VERSION = 6.0;
			};
			name = Release;
		};
		3D0C689BBB914C346E986BAF /* Release */ = {
			isa = XCBuildConfiguration;
			buildSettings = {
				ALWAYS_SEARCH_USER_PATHS = NO;
				CLANG_ANALYZER_NONNULL = YES;
				CLANG_ANALYZER_NUMBER_OBJECT_CONVERSION = YES_AGGRESSIVE;
				CLANG_CXX_LANGUAGE_STANDARD = "gnu++14";
				CLANG_CXX_LIBRARY = "libc++";
				CLANG_ENABLE_MODULES = YES;
				CLANG_ENABLE_OBJC_ARC = YES;
				CLANG_ENABLE_OBJC_WEAK = YES;
				CLANG_WARN_BLOCK_CAPTURE_AUTORELEASING = YES;
				CLANG_WARN_BOOL_CONVERSION = YES;
				CLANG_WARN_COMMA = YES;
				CLANG_WARN_CONSTANT_CONVERSION = YES;
				CLANG_WARN_DEPRECATED_OBJC_IMPLEMENTATIONS = YES;
				CLANG_WARN_DIRECT_OBJC_ISA_USAGE = YES_ERROR;
				CLANG_WARN_DOCUMENTATION_COMMENTS = YES;
				CLANG_WARN_EMPTY_BODY = YES;
				CLANG_WARN_ENUM_CONVERSION = YES;
				CLANG_WARN_INFINITE_RECURSION = YES;
				CLANG_WARN_INT_CONVERSION = YES;
				CLANG_WARN_NON_LITERAL_NULL_CONVERSION = YES;
				CLANG_WARN_OBJC_IMPLICIT_RETAIN_SELF = YES;
				CLANG_WARN_OBJC_LITERAL_CONVERSION = YES;
				CLANG_WARN_OBJC_ROOT_CLASS = YES_ERROR;
				CLANG_WARN_QUOTED_INCLUDE_IN_FRAMEWORK_HEADER = YES;
				CLANG_WARN_RANGE_LOOP_ANALYSIS = YES;
				CLANG_WARN_STRICT_PROTOTYPES = YES;
				CLANG_WARN_SUSPICIOUS_MOVE = YES;
				CLANG_WARN_UNGUARDED_AVAILABILITY = YES_AGGRESSIVE;
				CLANG_WARN_UNREACHABLE_CODE = YES;
				CLANG_WARN__DUPLICATE_METHOD_MATCH = YES;
				COPY_PHASE_STRIP = NO;
				DEAD_CODE_STRIPPING = YES;
				DEBUG_INFORMATION_FORMAT = "dwarf-with-dsym";
				ENABLE_NS_ASSERTIONS = NO;
				ENABLE_STRICT_OBJC_MSGSEND = YES;
				ENABLE_USER_SCRIPT_SANDBOXING = YES;
				GCC_C_LANGUAGE_STANDARD = gnu11;
				GCC_NO_COMMON_BLOCKS = YES;
				GCC_WARN_64_TO_32_BIT_CONVERSION = YES;
				GCC_WARN_ABOUT_RETURN_TYPE = YES_ERROR;
				GCC_WARN_UNDECLARED_SELECTOR = YES;
				GCC_WARN_UNINITIALIZED_AUTOS = YES_AGGRESSIVE;
				GCC_WARN_UNUSED_FUNCTION = YES;
				GCC_WARN_UNUSED_VARIABLE = YES;
				MACOSX_DEPLOYMENT_TARGET = 13.0;
				MTL_ENABLE_DEBUG_INFO = NO;
				MTL_FAST_MATH = YES;
				PRODUCT_NAME = "$(TARGET_NAME)";
				SDKROOT = macosx;
				STRING_CATALOG_GENERATE_SYMBOLS = YES;
				SWIFT_COMPILATION_MODE = wholemodule;
				SWIFT_OPTIMIZATION_LEVEL = "-O";
				SWIFT_VERSION = 5.0;
			};
			name = Release;
		};
		9D5B3A054AA497F078A07799 /* Debug */ = {
			isa = XCBuildConfiguration;
			buildSettings = {
				ALWAYS_SEARCH_USER_PATHS = NO;
				CLANG_ANALYZER_NONNULL = YES;
				CLANG_ANALYZER_NUMBER_OBJECT_CONVERSION = YES_AGGRESSIVE;
				CLANG_CXX_LANGUAGE_STANDARD = "gnu++14";
				CLANG_CXX_LIBRARY = "libc++";
				CLANG_ENABLE_MODULES = YES;
				CLANG_ENABLE_OBJC_ARC = YES;
				CLANG_ENABLE_OBJC_WEAK = YES;
				CLANG_WARN_BLOCK_CAPTURE_AUTORELEASING = YES;
				CLANG_WARN_BOOL_CONVERSION = YES;
				CLANG_WARN_COMMA = YES;
				CLANG_WARN_CONSTANT_CONVERSION = YES;
				CLANG_WARN_DEPRECATED_OBJC_IMPLEMENTATIONS = YES;
				CLANG_WARN_DIRECT_OBJC_ISA_USAGE = YES_ERROR;
				CLANG_WARN_DOCUMENTATION_COMMENTS = YES;
				CLANG_WARN_EMPTY_BODY = YES;
				CLANG_WARN_ENUM_CONVERSION = YES;
				CLANG_WARN_INFINITE_RECURSION = YES;
				CLANG_WARN_INT_CONVERSION = YES;
				CLANG_WARN_NON_LITERAL_NULL_CONVERSION = YES;
				CLANG_WARN_OBJC_IMPLICIT_RETAIN_SELF = YES;
				CLANG_WARN_OBJC_LITERAL_CONVERSION = YES;
				CLANG_WARN_OBJC_ROOT_CLASS = YES_ERROR;
				CLANG_WARN_QUOTED_INCLUDE_IN_FRAMEWORK_HEADER = YES;
				CLANG_WARN_RANGE_LOOP_ANALYSIS = YES;
				CLANG_WARN_STRICT_PROTOTYPES = YES;
				CLANG_WARN_SUSPICIOUS_MOVE = YES;
				CLANG_WARN_UNGUARDED_AVAILABILITY = YES_AGGRESSIVE;
				CLANG_WARN_UNREACHABLE_CODE = YES;
				CLANG_WARN__DUPLICATE_METHOD_MATCH = YES;
				COPY_PHASE_STRIP = NO;
				DEAD_CODE_STRIPPING = YES;
				DEBUG_INFORMATION_FORMAT = dwarf;
				ENABLE_STRICT_OBJC_MSGSEND = YES;
				ENABLE_TESTABILITY = YES;
				ENABLE_USER_SCRIPT_SANDBOXING = YES;
				GCC_C_LANGUAGE_STANDARD = gnu11;
				GCC_DYNAMIC_NO_PIC = NO;
				GCC_NO_COMMON_BLOCKS = YES;
				GCC_OPTIMIZATION_LEVEL = 0;
				GCC_PREPROCESSOR_DEFINITIONS = (
					"$(inherited)",
					"DEBUG=1",
				);
				GCC_WARN_64_TO_32_BIT_CONVERSION = YES;
				GCC_WARN_ABOUT_RETURN_TYPE = YES_ERROR;
				GCC_WARN_UNDECLARED_SELECTOR = YES;
				GCC_WARN_UNINITIALIZED_AUTOS = YES_AGGRESSIVE;
				GCC_WARN_UNUSED_FUNCTION = YES;
				GCC_WARN_UNUSED_VARIABLE = YES;
				MACOSX_DEPLOYMENT_TARGET = 13.0;
				MTL_ENABLE_DEBUG_INFO = INCLUDE_SOURCE;
				MTL_FAST_MATH = YES;
				ONLY_ACTIVE_ARCH = YES;
				PRODUCT_NAME = "$(TARGET_NAME)";
				SDKROOT = macosx;
				STRING_CATALOG_GENERATE_SYMBOLS = YES;
				SWIFT_ACTIVE_COMPILATION_CONDITIONS = DEBUG;
				SWIFT_OPTIMIZATION_LEVEL = "-Onone";
				SWIFT_VERSION = 5.0;
			};
			name = Debug;
		};
		F71F040AA8D91BF8ABEB4096 /* Debug */ = {
			isa = XCBuildConfiguration;
			buildSettings = {
				ASSETCATALOG_COMPILER_APPICON_NAME = AppIcon;
				CODE_SIGN_STYLE = Automatic;
				COMBINE_HIDPI_IMAGES = YES;
				CURRENT_PROJECT_VERSION = 1;
				DEAD_CODE_STRIPPING = YES;
				DEVELOPMENT_TEAM = 2UYA2Z7QQP;
				ENABLE_APP_SANDBOX = YES;
				ENABLE_FILE_ACCESS_DOWNLOADS_FOLDER = readwrite;
				ENABLE_FILE_ACCESS_MOVIES_FOLDER = readwrite;
				ENABLE_INCOMING_NETWORK_CONNECTIONS = NO;
				ENABLE_OUTGOING_NETWORK_CONNECTIONS = NO;
				ENABLE_RESOURCE_ACCESS_AUDIO_INPUT = NO;
				ENABLE_RESOURCE_ACCESS_BLUETOOTH = NO;
				ENABLE_RESOURCE_ACCESS_CALENDARS = NO;
				ENABLE_RESOURCE_ACCESS_CAMERA = NO;
				ENABLE_RESOURCE_ACCESS_CONTACTS = NO;
				ENABLE_RESOURCE_ACCESS_LOCATION = NO;
				ENABLE_RESOURCE_ACCESS_PRINTING = NO;
				ENABLE_RESOURCE_ACCESS_USB = NO;
				ENABLE_USER_SELECTED_FILES = readwrite;
				GENERATE_INFOPLIST_FILE = YES;
				INFOPLIST_KEY_CFBundleDisplayName = Joinly;
				INFOPLIST_KEY_CFBundleShortVersionString = "$(MARKETING_VERSION)";
				INFOPLIST_KEY_CFBundleVersion = "$(CURRENT_PROJECT_VERSION)";
				INFOPLIST_KEY_LSApplicationCategoryType = "public.app-category.video";
				INFOPLIST_KEY_NSHumanReadableCopyright = "Made By QingTengStudio";
				LD_RUNPATH_SEARCH_PATHS = (
					"$(inherited)",
					"@executable_path/../Frameworks",
				);
				MARKETING_VERSION = 1.0.0;
				PRODUCT_BUNDLE_IDENTIFIER = com.qingteng.Joinly;
				PRODUCT_NAME = Joinly;
				SDKROOT = macosx;
				SWIFT_VERSION = 6.0;
			};
			name = Debug;
		};
/* End XCBuildConfiguration section */

/* Begin XCConfigurationList section */
		8657094D593DA333FE189A79 /* Build configuration list for PBXNativeTarget "Joinly" */ = {
			isa = XCConfigurationList;
			buildConfigurations = (
				F71F040AA8D91BF8ABEB4096 /* Debug */,
				00C64E96ED6F70FE5544E44D /* Release */,
			);
			defaultConfigurationIsVisible = 0;
			defaultConfigurationName = Debug;
		};
		9059E387E27B4B79C99BFAB8 /* Build configuration list for PBXProject "Joinly" */ = {
			isa = XCConfigurationList;
			buildConfigurations = (
				9D5B3A054AA497F078A07799 /* Debug */,
				3D0C689BBB914C346E986BAF /* Release */,
			);
			defaultConfigurationIsVisible = 0;
			defaultConfigurationName = Debug;
		};
/* End XCConfigurationList section */
	};
	rootObject = E53FBC2F088710FDB868DDED /* Project object */;
}
